
Microsoft Visual Studio Solution File, Format Version 12.00
# Visual Studio Version 16
VisualStudioVersion = 16.0.35826.135
MinimumVisualStudioVersion = 10.0.40219.1
Project("{FAE04EC0-301F-11D3-BF4B-00C04F79EFBC}") = "Winform-app", "Winform-app\Winform-app.csproj", "{A7D83CE7-2588-428E-821B-92F8236502F2}"
EndProject
Project("{FAE04EC0-301F-11D3-BF4B-00C04F79EFBC}") = "Dominio", "Dominio\Dominio.csproj", "{8A3AC5FE-8438-46B9-AA99-26CFEF0692A6}"
EndProject
Project("{FAE04EC0-301F-11D3-BF4B-00C04F79EFBC}") = "Negocio", "Negocio\Negocio.csproj", "{2DE3D395-6A73-4BBC-858A-D2CC955E6412}"
EndProject
Global
	GlobalSection(SolutionConfigurationPlatforms) = preSolution
		Debug|Any CPU = Debug|Any CPU
		Release|Any CPU = Release|Any CPU
	EndGlobalSection
	GlobalSection(ProjectConfigurationPlatforms) = postSolution
		{A7D83CE7-2588-428E-821B-92F8236502F2}.Debug|Any CPU.ActiveCfg = Debug|Any CPU
		{A7D83CE7-2588-428E-821B-92F8236502F2}.Debug|Any CPU.Build.0 = Debug|Any CPU
		{A7D83CE7-2588-428E-821B-92F8236502F2}.Release|Any CPU.ActiveCfg = Release|Any CPU
		{A7D83CE7-2588-428E-821B-92F8236502F2}.Release|Any CPU.Build.0 = Release|Any CPU
		{8A3AC5FE-8438-46B9-AA99-26CFEF0692A6}.Debug|Any CPU.ActiveCfg = Debug|Any CPU
		{8A3AC5FE-8438-46B9-AA99-26CFEF0692A6}.Debug|Any CPU.Build.0 = Debug|Any CPU
		{8A3AC5FE-8438-46B9-AA99-26CFEF0692A6}.Release|Any CPU.ActiveCfg = Release|Any CPU
		{8A3AC5FE-8438-46B9-AA99-26CFEF0692A6}.Release|Any CPU.Build.0 = Release|Any CPU
		{2DE3D395-6A73-4BBC-858A-D2CC955E6412}.Debug|Any CPU.ActiveCfg = Debug|Any CPU
		{2DE3D395-6A73-4BBC-858A-D2CC955E6412}.Debug|Any CPU.Build.0 = Debug|Any CPU
		{2DE3D395-6A73-4BBC-858A-D2CC955E6412}.Release|Any CPU.ActiveCfg = Release|Any CPU
		{2DE3D395-6A73-4BBC-858A-D2CC955E6412}.Release|Any CPU.Build.0 = Release|Any CPU
	EndGlobalSection
	GlobalSection(SolutionProperties) = preSolution
		HideSolutionNode = FALSE
	EndGlobalSection
	GlobalSection(ExtensibilityGlobals) = postSolution
		SolutionGuid = {85D9E839-9D70-4D9D-88E7-0D93BCA77817}
	EndGlobalSection
EndGlobal
